
Microsoft Visual Studio Solution File, Format Version 12.00
# Visual Studio Version 17
VisualStudioVersion = 17.14.36511.14 d17.14
MinimumVisualStudioVersion = 10.0.40219.1
Project("{8BC9CEB8-8B4A-11D0-8D11-00A0C91BC942}") = "test26_5_12", "test26_5_12\test26_5_12.vcxproj", "{8551F8CE-EEC0-4606-BBDA-B1CED08C5BAB}"
EndProject
Global
	GlobalSection(SolutionConfigurationPlatforms) = preSolution
		Debug|x64 = Debug|x64
		Debug|x86 = Debug|x86
		Release|x64 = Release|x64
		Release|x86 = Release|x86
	EndGlobalSection
	GlobalSection(ProjectConfigurationPlatforms) = postSolution
		{8551F8CE-EEC0-4606-BBDA-B1CED08C5BAB}.Debug|x64.ActiveCfg = Debug|x64
		{8551F8CE-EEC0-4606-BBDA-B1CED08C5BAB}.Debug|x64.Build.0 = Debug|x64
		{8551F8CE-EEC0-4606-BBDA-B1CED08C5BAB}.Debug|x86.ActiveCfg = Debug|Win32
		{8551F8CE-EEC0-4606-BBDA-B1CED08C5BAB}.Debug|x86.Build.0 = Debug|Win32
		{8551F8CE-EEC0-4606-BBDA-B1CED08C5BAB}.Release|x64.ActiveCfg = Release|x64
		{8551F8CE-EEC0-4606-BBDA-B1CED08C5BAB}.Release|x64.Build.0 = Release|x64
		{8551F8CE-EEC0-4606-BBDA-B1CED08C5BAB}.Release|x86.ActiveCfg = Release|Win32
		{8551F8CE-EEC0-4606-BBDA-B1CED08C5BAB}.Release|x86.Build.0 = Release|Win32
	EndGlobalSection
	GlobalSection(SolutionProperties) = preSolution
		HideSolutionNode = FALSE
	EndGlobalSection
	GlobalSection(ExtensibilityGlobals) = postSolution
		SolutionGuid = {A0ED4D40-5062-4526-A959-4331AFCA6A9B}
	EndGlobalSection
EndGlobal
